// !$*UTF8*$!
{
	archiveVersion = 1;
	classes = {
	};
	objectVersion = 50;
	objects = {

/* Begin PBXBuildFile section */
		368CE8A224C0578B004009A5 /* WeatherResponse.swift in Sources */ = {isa = PBXBuildFile; fileRef = 368CE8A124C0578B004009A5 /* WeatherResponse.swift */; };
		368CE8A424C058D8004009A5 /* CurrencyResponse.swift in Sources */ = {isa = PBXBuildFile; fileRef = 368CE8A324C058D8004009A5 /* CurrencyResponse.swift */; };
		368CE8A624C058FD004009A5 /* TranslateResponse.swift in Sources */ = {isa = PBXBuildFile; fileRef = 368CE8A524C058FD004009A5 /* TranslateResponse.swift */; };
		368CE8A824C088D1004009A5 /* String+Localized.swift in Sources */ = {isa = PBXBuildFile; fileRef = 368CE8A724C088D1004009A5 /* String+Localized.swift */; };
		368CE8AB24C0A7C7004009A5 /* CoreLocation.framework in Frameworks */ = {isa = PBXBuildFile; fileRef = 368CE8AA24C0A7C7004009A5 /* CoreLocation.framework */; };
		36A875F024C0EB03000DFBCD /* GeolocalisationProvider.swift in Sources */ = {isa = PBXBuildFile; fileRef = 36A875EF24C0EB03000DFBCD /* GeolocalisationProvider.swift */; };
		36A875F324C0EF4A000DFBCD /* WeatherDelegate.swift in Sources */ = {isa = PBXBuildFile; fileRef = 36A875F224C0EF4A000DFBCD /* WeatherDelegate.swift */; };
		36A875F824C1DD0B000DFBCD /* URLComponents+BuildUrl.swift in Sources */ = {isa = PBXBuildFile; fileRef = 36A875F724C1DD0B000DFBCD /* URLComponents+BuildUrl.swift */; };
		36B423E924BB6CB5004CB8E7 /* AppDelegate.swift in Sources */ = {isa = PBXBuildFile; fileRef = 36B423E824BB6CB5004CB8E7 /* AppDelegate.swift */; };
		36B423EB24BB6CB5004CB8E7 /* SceneDelegate.swift in Sources */ = {isa = PBXBuildFile; fileRef = 36B423EA24BB6CB5004CB8E7 /* SceneDelegate.swift */; };
		36B423F024BB6CB5004CB8E7 /* Main.storyboard in Resources */ = {isa = PBXBuildFile; fileRef = 36B423EE24BB6CB5004CB8E7 /* Main.storyboard */; };
		36B423F224BB6CBA004CB8E7 /* Assets.xcassets in Resources */ = {isa = PBXBuildFile; fileRef = 36B423F124BB6CBA004CB8E7 /* Assets.xcassets */; };
		36B423F524BB6CBA004CB8E7 /* LaunchScreen.storyboard in Resources */ = {isa = PBXBuildFile; fileRef = 36B423F324BB6CBA004CB8E7 /* LaunchScreen.storyboard */; };
		36B4240024BB6CBA004CB8E7 /* P9_01_XcodeTests.swift in Sources */ = {isa = PBXBuildFile; fileRef = 36B423FF24BB6CBA004CB8E7 /* P9_01_XcodeTests.swift */; };
		36B4242E24BC7C14004CB8E7 /* CurrencyViewController.swift in Sources */ = {isa = PBXBuildFile; fileRef = 36B4242D24BC7C14004CB8E7 /* CurrencyViewController.swift */; };
		36B4243024BC7C2E004CB8E7 /* WeatherViewController.swift in Sources */ = {isa = PBXBuildFile; fileRef = 36B4242F24BC7C2E004CB8E7 /* WeatherViewController.swift */; };
		36B4243224BC7C40004CB8E7 /* TranslateViewController.swift in Sources */ = {isa = PBXBuildFile; fileRef = 36B4243124BC7C40004CB8E7 /* TranslateViewController.swift */; };
		36B4243424BC83E0004CB8E7 /* NetworkManager.swift in Sources */ = {isa = PBXBuildFile; fileRef = 36B4243324BC83E0004CB8E7 /* NetworkManager.swift */; };
		36B4243624BC8544004CB8E7 /* NetworkError.swift in Sources */ = {isa = PBXBuildFile; fileRef = 36B4243524BC8544004CB8E7 /* NetworkError.swift */; };
		36B4243924BC8C11004CB8E7 /* Localizable.strings in Resources */ = {isa = PBXBuildFile; fileRef = 36B4243B24BC8C11004CB8E7 /* Localizable.strings */; };
		36B4243E24BDB1FC004CB8E7 /* CurrencyNetworkManager.swift in Sources */ = {isa = PBXBuildFile; fileRef = 36B4243D24BDB1FC004CB8E7 /* CurrencyNetworkManager.swift */; };
		36B4244024BDB2BD004CB8E7 /* WeatherNetworkManager.swift in Sources */ = {isa = PBXBuildFile; fileRef = 36B4243F24BDB2BD004CB8E7 /* WeatherNetworkManager.swift */; };
		36B4244224BDB3A4004CB8E7 /* TranslateNetworkManager.swift in Sources */ = {isa = PBXBuildFile; fileRef = 36B4244124BDB3A4004CB8E7 /* TranslateNetworkManager.swift */; };
/* End PBXBuildFile section */

/* Begin PBXContainerItemProxy section */
		36B423FC24BB6CBA004CB8E7 /* PBXContainerItemProxy */ = {
			isa = PBXContainerItemProxy;
			containerPortal = 36B423DD24BB6CB5004CB8E7 /* Project object */;
			proxyType = 1;
			remoteGlobalIDString = 36B423E424BB6CB5004CB8E7;
			remoteInfo = P9_01_Xcode;
		};
/* End PBXContainerItemProxy section */

/* Begin PBXFileReference section */
		368CE8A124C0578B004009A5 /* WeatherResponse.swift */ = {isa = PBXFileReference; lastKnownFileType = sourcecode.swift; path = WeatherResponse.swift; sourceTree = "<group>"; };
		368CE8A324C058D8004009A5 /* CurrencyResponse.swift */ = {isa = PBXFileReference; lastKnownFileType = sourcecode.swift; path = CurrencyResponse.swift; sourceTree = "<group>"; };
		368CE8A524C058FD004009A5 /* TranslateResponse.swift */ = {isa = PBXFileReference; lastKnownFileType = sourcecode.swift; path = TranslateResponse.swift; sourceTree = "<group>"; };
		368CE8A724C088D1004009A5 /* String+Localized.swift */ = {isa = PBXFileReference; lastKnownFileType = sourcecode.swift; path = "String+Localized.swift"; sourceTree = "<group>"; };
		368CE8AA24C0A7C7004009A5 /* CoreLocation.framework */ = {isa = PBXFileReference; lastKnownFileType = wrapper.framework; name = CoreLocation.framework; path = System/Library/Frameworks/CoreLocation.framework; sourceTree = SDKROOT; };
		36A875EF24C0EB03000DFBCD /* GeolocalisationProvider.swift */ = {isa = PBXFileReference; lastKnownFileType = sourcecode.swift; path = GeolocalisationProvider.swift; sourceTree = "<group>"; };
		36A875F224C0EF4A000DFBCD /* WeatherDelegate.swift */ = {isa = PBXFileReference; lastKnownFileType = sourcecode.swift; path = WeatherDelegate.swift; sourceTree = "<group>"; };
		36A875F724C1DD0B000DFBCD /* URLComponents+BuildUrl.swift */ = {isa = PBXFileReference; lastKnownFileType = sourcecode.swift; path = "URLComponents+BuildUrl.swift"; sourceTree = "<group>"; };
		36B423E524BB6CB5004CB8E7 /* P9_01_Xcode.app */ = {isa = PBXFileReference; explicitFileType = wrapper.application; includeInIndex = 0; path = P9_01_Xcode.app; sourceTree = BUILT_PRODUCTS_DIR; };
		36B423E824BB6CB5004CB8E7 /* AppDelegate.swift */ = {isa = PBXFileReference; lastKnownFileType = sourcecode.swift; path = AppDelegate.swift; sourceTree = "<group>"; };
		36B423EA24BB6CB5004CB8E7 /* SceneDelegate.swift */ = {isa = PBXFileReference; lastKnownFileType = sourcecode.swift; path = SceneDelegate.swift; sourceTree = "<group>"; };
		36B423EF24BB6CB5004CB8E7 /* Base */ = {isa = PBXFileReference; lastKnownFileType = file.storyboard; name = Base; path = Base.lproj/Main.storyboard; sourceTree = "<group>"; };
		36B423F124BB6CBA004CB8E7 /* Assets.xcassets */ = {isa = PBXFileReference; lastKnownFileType = folder.assetcatalog; path = Assets.xcassets; sourceTree = "<group>"; };
		36B423F424BB6CBA004CB8E7 /* Base */ = {isa = PBXFileReference; lastKnownFileType = file.storyboard; name = Base; path = Base.lproj/LaunchScreen.storyboard; sourceTree = "<group>"; };
		36B423F624BB6CBA004CB8E7 /* Info.plist */ = {isa = PBXFileReference; lastKnownFileType = text.plist.xml; path = Info.plist; sourceTree = "<group>"; };
		36B423FB24BB6CBA004CB8E7 /* P9_01_XcodeTests.xctest */ = {isa = PBXFileReference; explicitFileType = wrapper.cfbundle; includeInIndex = 0; path = P9_01_XcodeTests.xctest; sourceTree = BUILT_PRODUCTS_DIR; };
		36B423FF24BB6CBA004CB8E7 /* P9_01_XcodeTests.swift */ = {isa = PBXFileReference; lastKnownFileType = sourcecode.swift; path = P9_01_XcodeTests.swift; sourceTree = "<group>"; };
		36B4240124BB6CBA004CB8E7 /* Info.plist */ = {isa = PBXFileReference; lastKnownFileType = text.plist.xml; path = Info.plist; sourceTree = "<group>"; };
		36B4242D24BC7C14004CB8E7 /* CurrencyViewController.swift */ = {isa = PBXFileReference; lastKnownFileType = sourcecode.swift; path = CurrencyViewController.swift; sourceTree = "<group>"; };
		36B4242F24BC7C2E004CB8E7 /* WeatherViewController.swift */ = {isa = PBXFileReference; lastKnownFileType = sourcecode.swift; path = WeatherViewController.swift; sourceTree = "<group>"; };
		36B4243124BC7C40004CB8E7 /* TranslateViewController.swift */ = {isa = PBXFileReference; lastKnownFileType = sourcecode.swift; path = TranslateViewController.swift; sourceTree = "<group>"; };
		36B4243324BC83E0004CB8E7 /* NetworkManager.swift */ = {isa = PBXFileReference; lastKnownFileType = sourcecode.swift; path = NetworkManager.swift; sourceTree = "<group>"; };
		36B4243524BC8544004CB8E7 /* NetworkError.swift */ = {isa = PBXFileReference; lastKnownFileType = sourcecode.swift; path = NetworkError.swift; sourceTree = "<group>"; };
		36B4243A24BC8C11004CB8E7 /* en */ = {isa = PBXFileReference; lastKnownFileType = text.plist.strings; name = en; path = en.lproj/Localizable.strings; sourceTree = "<group>"; };
		36B4243C24BC8C37004CB8E7 /* fr */ = {isa = PBXFileReference; lastKnownFileType = text.plist.strings; name = fr; path = fr.lproj/Localizable.strings; sourceTree = "<group>"; };
		36B4243D24BDB1FC004CB8E7 /* CurrencyNetworkManager.swift */ = {isa = PBXFileReference; lastKnownFileType = sourcecode.swift; path = CurrencyNetworkManager.swift; sourceTree = "<group>"; };
		36B4243F24BDB2BD004CB8E7 /* WeatherNetworkManager.swift */ = {isa = PBXFileReference; lastKnownFileType = sourcecode.swift; path = WeatherNetworkManager.swift; sourceTree = "<group>"; };
		36B4244124BDB3A4004CB8E7 /* TranslateNetworkManager.swift */ = {isa = PBXFileReference; lastKnownFileType = sourcecode.swift; path = TranslateNetworkManager.swift; sourceTree = "<group>"; };
/* End PBXFileReference section */

/* Begin PBXFrameworksBuildPhase section */
		36B423E224BB6CB5004CB8E7 /* Frameworks */ = {
			isa = PBXFrameworksBuildPhase;
			buildActionMask = 2147483647;
			files = (
				368CE8AB24C0A7C7004009A5 /* CoreLocation.framework in Frameworks */,
			);
			runOnlyForDeploymentPostprocessing = 0;
		};
		36B423F824BB6CBA004CB8E7 /* Frameworks */ = {
			isa = PBXFrameworksBuildPhase;
			buildActionMask = 2147483647;
			files = (
			);
			runOnlyForDeploymentPostprocessing = 0;
		};
/* End PBXFrameworksBuildPhase section */

/* Begin PBXGroup section */
		368CE8A924C0A7C7004009A5 /* Frameworks */ = {
			isa = PBXGroup;
			children = (
				368CE8AA24C0A7C7004009A5 /* CoreLocation.framework */,
			);
			name = Frameworks;
			sourceTree = "<group>";
		};
		36A875F124C0EF29000DFBCD /* Protocol */ = {
			isa = PBXGroup;
			children = (
				36A875F224C0EF4A000DFBCD /* WeatherDelegate.swift */,
			);
			path = Protocol;
			sourceTree = "<group>";
		};
		36A875F424C0EF84000DFBCD /* Enum */ = {
			isa = PBXGroup;
			children = (
				36B4243524BC8544004CB8E7 /* NetworkError.swift */,
			);
			path = Enum;
			sourceTree = "<group>";
		};
		36A875F524C0FF3A000DFBCD /* Network */ = {
			isa = PBXGroup;
			children = (
				36B4243324BC83E0004CB8E7 /* NetworkManager.swift */,
				36B4243F24BDB2BD004CB8E7 /* WeatherNetworkManager.swift */,
				36B4243D24BDB1FC004CB8E7 /* CurrencyNetworkManager.swift */,
				36B4244124BDB3A4004CB8E7 /* TranslateNetworkManager.swift */,
			);
			path = Network;
			sourceTree = "<group>";
		};
		36A875F624C0FF85000DFBCD /* Delegator */ = {
			isa = PBXGroup;
			children = (
				36A875EF24C0EB03000DFBCD /* GeolocalisationProvider.swift */,
			);
			path = Delegator;
			sourceTree = "<group>";
		};
		36B423DC24BB6CB5004CB8E7 = {
			isa = PBXGroup;
			children = (
				36B4243B24BC8C11004CB8E7 /* Localizable.strings */,
				36B423E724BB6CB5004CB8E7 /* P9_01_Xcode */,
				36B423FE24BB6CBA004CB8E7 /* P9_01_XcodeTests */,
				36B423E624BB6CB5004CB8E7 /* Products */,
				368CE8A924C0A7C7004009A5 /* Frameworks */,
			);
			sourceTree = "<group>";
		};
		36B423E624BB6CB5004CB8E7 /* Products */ = {
			isa = PBXGroup;
			children = (
				36B423E524BB6CB5004CB8E7 /* P9_01_Xcode.app */,
				36B423FB24BB6CBA004CB8E7 /* P9_01_XcodeTests.xctest */,
			);
			name = Products;
			sourceTree = "<group>";
		};
		36B423E724BB6CB5004CB8E7 /* P9_01_Xcode */ = {
			isa = PBXGroup;
			children = (
				36B4242C24BC7892004CB8E7 /* Model */,
				36B4242B24BC7887004CB8E7 /* View */,
				36B4242A24BC7875004CB8E7 /* Controller */,
				36B423E824BB6CB5004CB8E7 /* AppDelegate.swift */,
				36B423EA24BB6CB5004CB8E7 /* SceneDelegate.swift */,
				36B423F124BB6CBA004CB8E7 /* Assets.xcassets */,
				36B423F624BB6CBA004CB8E7 /* Info.plist */,
				368CE8A724C088D1004009A5 /* String+Localized.swift */,
				36A875F724C1DD0B000DFBCD /* URLComponents+BuildUrl.swift */,
			);
			path = P9_01_Xcode;
			sourceTree = "<group>";
		};
		36B423FE24BB6CBA004CB8E7 /* P9_01_XcodeTests */ = {
			isa = PBXGroup;
			children = (
				36B423FF24BB6CBA004CB8E7 /* P9_01_XcodeTests.swift */,
				36B4240124BB6CBA004CB8E7 /* Info.plist */,
			);
			path = P9_01_XcodeTests;
			sourceTree = "<group>";
		};
		36B4242A24BC7875004CB8E7 /* Controller */ = {
			isa = PBXGroup;
			children = (
				36B4242F24BC7C2E004CB8E7 /* WeatherViewController.swift */,
				36B4242D24BC7C14004CB8E7 /* CurrencyViewController.swift */,
				36B4243124BC7C40004CB8E7 /* TranslateViewController.swift */,
			);
			path = Controller;
			sourceTree = "<group>";
		};
		36B4242B24BC7887004CB8E7 /* View */ = {
			isa = PBXGroup;
			children = (
				36B423EE24BB6CB5004CB8E7 /* Main.storyboard */,
				36B423F324BB6CBA004CB8E7 /* LaunchScreen.storyboard */,
			);
			path = View;
			sourceTree = "<group>";
		};
		36B4242C24BC7892004CB8E7 /* Model */ = {
			isa = PBXGroup;
			children = (
				36A875F624C0FF85000DFBCD /* Delegator */,
				36A875F524C0FF3A000DFBCD /* Network */,
				36A875F424C0EF84000DFBCD /* Enum */,
				36A875F124C0EF29000DFBCD /* Protocol */,
				36B4244324BDB553004CB8E7 /* DataModel */,
			);
			path = Model;
			sourceTree = "<group>";
		};
		36B4244324BDB553004CB8E7 /* DataModel */ = {
			isa = PBXGroup;
			children = (
				368CE8A124C0578B004009A5 /* WeatherResponse.swift */,
				368CE8A324C058D8004009A5 /* CurrencyResponse.swift */,
				368CE8A524C058FD004009A5 /* TranslateResponse.swift */,
			);
			path = DataModel;
			sourceTree = "<group>";
		};
/* End PBXGroup section */

/* Begin PBXNativeTarget section */
		36B423E424BB6CB5004CB8E7 /* P9_01_Xcode */ = {
			isa = PBXNativeTarget;
			buildConfigurationList = 36B4240424BB6CBA004CB8E7 /* Build configuration list for PBXNativeTarget "P9_01_Xcode" */;
			buildPhases = (
				36B423E124BB6CB5004CB8E7 /* Sources */,
				36B423E224BB6CB5004CB8E7 /* Frameworks */,
				36B423E324BB6CB5004CB8E7 /* Resources */,
			);
			buildRules = (
			);
			dependencies = (
			);
			name = P9_01_Xcode;
			productName = P9_01_Xcode;
			productReference = 36B423E524BB6CB5004CB8E7 /* P9_01_Xcode.app */;
			productType = "com.apple.product-type.application";
		};
		36B423FA24BB6CBA004CB8E7 /* P9_01_XcodeTests */ = {
			isa = PBXNativeTarget;
			buildConfigurationList = 36B4240724BB6CBA004CB8E7 /* Build configuration list for PBXNativeTarget "P9_01_XcodeTests" */;
			buildPhases = (
				36B423F724BB6CBA004CB8E7 /* Sources */,
				36B423F824BB6CBA004CB8E7 /* Frameworks */,
				36B423F924BB6CBA004CB8E7 /* Resources */,
			);
			buildRules = (
			);
			dependencies = (
				36B423FD24BB6CBA004CB8E7 /* PBXTargetDependency */,
			);
			name = P9_01_XcodeTests;
			productName = P9_01_XcodeTests;
			productReference = 36B423FB24BB6CBA004CB8E7 /* P9_01_XcodeTests.xctest */;
			productType = "com.apple.product-type.bundle.unit-test";
		};
/* End PBXNativeTarget section */

/* Begin PBXProject section */
		36B423DD24BB6CB5004CB8E7 /* Project object */ = {
			isa = PBXProject;
			attributes = {
				LastSwiftUpdateCheck = 1150;
				LastUpgradeCheck = 1150;
				ORGANIZATIONNAME = "Sébastien Kothé";
				TargetAttributes = {
					36B423E424BB6CB5004CB8E7 = {
						CreatedOnToolsVersion = 11.5;
					};
					36B423FA24BB6CBA004CB8E7 = {
						CreatedOnToolsVersion = 11.5;
						TestTargetID = 36B423E424BB6CB5004CB8E7;
					};
				};
			};
			buildConfigurationList = 36B423E024BB6CB5004CB8E7 /* Build configuration list for PBXProject "P9_01_Xcode" */;
			compatibilityVersion = "Xcode 9.3";
			developmentRegion = en;
			hasScannedForEncodings = 0;
			knownRegions = (
				en,
				Base,
				fr,
			);
			mainGroup = 36B423DC24BB6CB5004CB8E7;
			productRefGroup = 36B423E624BB6CB5004CB8E7 /* Products */;
			projectDirPath = "";
			projectRoot = "";
			targets = (
				36B423E424BB6CB5004CB8E7 /* P9_01_Xcode */,
				36B423FA24BB6CBA004CB8E7 /* P9_01_XcodeTests */,
			);
		};
/* End PBXProject section */

/* Begin PBXResourcesBuildPhase section */
		36B423E324BB6CB5004CB8E7 /* Resources */ = {
			isa = PBXResourcesBuildPhase;
			buildActionMask = 2147483647;
			files = (
				36B423F524BB6CBA004CB8E7 /* LaunchScreen.storyboard in Resources */,
				36B4243924BC8C11004CB8E7 /* Localizable.strings in Resources */,
				36B423F224BB6CBA004CB8E7 /* Assets.xcassets in Resources */,
				36B423F024BB6CB5004CB8E7 /* Main.storyboard in Resources */,
			);
			runOnlyForDeploymentPostprocessing = 0;
		};
		36B423F924BB6CBA004CB8E7 /* Resources */ = {
			isa = PBXResourcesBuildPhase;
			buildActionMask = 2147483647;
			files = (
			);
			runOnlyForDeploymentPostprocessing = 0;
		};
/* End PBXResourcesBuildPhase section */

/* Begin PBXSourcesBuildPhase section */
		36B423E124BB6CB5004CB8E7 /* Sources */ = {
			isa = PBXSourcesBuildPhase;
			buildActionMask = 2147483647;
			files = (
				36B4244024BDB2BD004CB8E7 /* WeatherNetworkManager.swift in Sources */,
				36B4243424BC83E0004CB8E7 /* NetworkManager.swift in Sources */,
				36B4243624BC8544004CB8E7 /* NetworkError.swift in Sources */,
				368CE8A424C058D8004009A5 /* CurrencyResponse.swift in Sources */,
				368CE8A824C088D1004009A5 /* String+Localized.swift in Sources */,
				368CE8A224C0578B004009A5 /* WeatherResponse.swift in Sources */,
				368CE8A624C058FD004009A5 /* TranslateResponse.swift in Sources */,
				36B423E924BB6CB5004CB8E7 /* AppDelegate.swift in Sources */,
				36B4243224BC7C40004CB8E7 /* TranslateViewController.swift in Sources */,
				36B4243024BC7C2E004CB8E7 /* WeatherViewController.swift in Sources */,
				36B4242E24BC7C14004CB8E7 /* CurrencyViewController.swift in Sources */,
				36A875F324C0EF4A000DFBCD /* WeatherDelegate.swift in Sources */,
				36A875F824C1DD0B000DFBCD /* URLComponents+BuildUrl.swift in Sources */,
				36B4244224BDB3A4004CB8E7 /* TranslateNetworkManager.swift in Sources */,
				36A875F024C0EB03000DFBCD /* GeolocalisationProvider.swift in Sources */,
				36B423EB24BB6CB5004CB8E7 /* SceneDelegate.swift in Sources */,
				36B4243E24BDB1FC004CB8E7 /* CurrencyNetworkManager.swift in Sources */,
			);
			runOnlyForDeploymentPostprocessing = 0;
		};
		36B423F724BB6CBA004CB8E7 /* Sources */ = {
			isa = PBXSourcesBuildPhase;
			buildActionMask = 2147483647;
			files = (
				36B4240024BB6CBA004CB8E7 /* P9_01_XcodeTests.swift in Sources */,
			);
			runOnlyForDeploymentPostprocessing = 0;
		};
/* End PBXSourcesBuildPhase section */

/* Begin PBXTargetDependency section */
		36B423FD24BB6CBA004CB8E7 /* PBXTargetDependency */ = {
			isa = PBXTargetDependency;
			target = 36B423E424BB6CB5004CB8E7 /* P9_01_Xcode */;
			targetProxy = 36B423FC24BB6CBA004CB8E7 /* PBXContainerItemProxy */;
		};
/* End PBXTargetDependency section */

/* Begin PBXVariantGroup section */
		36B423EE24BB6CB5004CB8E7 /* Main.storyboard */ = {
			isa = PBXVariantGroup;
			children = (
				36B423EF24BB6CB5004CB8E7 /* Base */,
			);
			name = Main.storyboard;
			sourceTree = "<group>";
		};
		36B423F324BB6CBA004CB8E7 /* LaunchScreen.storyboard */ = {
			isa = PBXVariantGroup;
			children = (
				36B423F424BB6CBA004CB8E7 /* Base */,
			);
			name = LaunchScreen.storyboard;
			sourceTree = "<group>";
		};
		36B4243B24BC8C11004CB8E7 /* Localizable.strings */ = {
			isa = PBXVariantGroup;
			children = (
				36B4243A24BC8C11004CB8E7 /* en */,
				36B4243C24BC8C37004CB8E7 /* fr */,
			);
			name = Localizable.strings;
			sourceTree = "<group>";
		};
/* End PBXVariantGroup section */

/* Begin XCBuildConfiguration section */
		36B4240224BB6CBA004CB8E7 /* Debug */ = {
			isa = XCBuildConfiguration;
			buildSettings = {
				ALWAYS_SEARCH_USER_PATHS = NO;
				CLANG_ANALYZER_LOCALIZABILITY_NONLOCALIZED = YES;
				CLANG_ANALYZER_NONNULL = YES;
				CLANG_ANALYZER_NUMBER_OBJECT_CONVERSION = YES_AGGRESSIVE;
				CLANG_CXX_LANGUAGE_STANDARD = "gnu++14";
				CLANG_CXX_LIBRARY = "libc++";
				CLANG_ENABLE_MODULES = YES;
				CLANG_ENABLE_OBJC_ARC = YES;
				CLANG_ENABLE_OBJC_WEAK = YES;
				CLANG_WARN_BLOCK_CAPTURE_AUTORELEASING = YES;
				CLANG_WARN_BOOL_CONVERSION = YES;
				CLANG_WARN_COMMA = YES;
				CLANG_WARN_CONSTANT_CONVERSION = YES;
				CLANG_WARN_DEPRECATED_OBJC_IMPLEMENTATIONS = YES;
				CLANG_WARN_DIRECT_OBJC_ISA_USAGE = YES_ERROR;
				CLANG_WARN_DOCUMENTATION_COMMENTS = YES;
				CLANG_WARN_EMPTY_BODY = YES;
				CLANG_WARN_ENUM_CONVERSION = YES;
				CLANG_WARN_INFINITE_RECURSION = YES;
				CLANG_WARN_INT_CONVERSION = YES;
				CLANG_WARN_NON_LITERAL_NULL_CONVERSION = YES;
				CLANG_WARN_OBJC_IMPLICIT_RETAIN_SELF = YES;
				CLANG_WARN_OBJC_LITERAL_CONVERSION = YES;
				CLANG_WARN_OBJC_ROOT_CLASS = YES_ERROR;
				CLANG_WARN_RANGE_LOOP_ANALYSIS = YES;
				CLANG_WARN_STRICT_PROTOTYPES = YES;
				CLANG_WARN_SUSPICIOUS_MOVE = YES;
				CLANG_WARN_UNGUARDED_AVAILABILITY = YES_AGGRESSIVE;
				CLANG_WARN_UNREACHABLE_CODE = YES;
				CLANG_WARN__DUPLICATE_METHOD_MATCH = YES;
				COPY_PHASE_STRIP = NO;
				DEBUG_INFORMATION_FORMAT = dwarf;
				ENABLE_STRICT_OBJC_MSGSEND = YES;
				ENABLE_TESTABILITY = YES;
				GCC_C_LANGUAGE_STANDARD = gnu11;
				GCC_DYNAMIC_NO_PIC = NO;
				GCC_NO_COMMON_BLOCKS = YES;
				GCC_OPTIMIZATION_LEVEL = 0;
				GCC_PREPROCESSOR_DEFINITIONS = (
					"DEBUG=1",
					"$(inherited)",
				);
				GCC_WARN_64_TO_32_BIT_CONVERSION = YES;
				GCC_WARN_ABOUT_RETURN_TYPE = YES_ERROR;
				GCC_WARN_UNDECLARED_SELECTOR = YES;
				GCC_WARN_UNINITIALIZED_AUTOS = YES_AGGRESSIVE;
				GCC_WARN_UNUSED_FUNCTION = YES;
				GCC_WARN_UNUSED_VARIABLE = YES;
				IPHONEOS_DEPLOYMENT_TARGET = 13.5;
				MTL_ENABLE_DEBUG_INFO = INCLUDE_SOURCE;
				MTL_FAST_MATH = YES;
				ONLY_ACTIVE_ARCH = YES;
				SDKROOT = iphoneos;
				SWIFT_ACTIVE_COMPILATION_CONDITIONS = DEBUG;
				SWIFT_OPTIMIZATION_LEVEL = "-Onone";
			};
			name = Debug;
		};
		36B4240324BB6CBA004CB8E7 /* Release */ = {
			isa = XCBuildConfiguration;
			buildSettings = {
				ALWAYS_SEARCH_USER_PATHS = NO;
				CLANG_ANALYZER_LOCALIZABILITY_NONLOCALIZED = YES;
				CLANG_ANALYZER_NONNULL = YES;
				CLANG_ANALYZER_NUMBER_OBJECT_CONVERSION = YES_AGGRESSIVE;
				CLANG_CXX_LANGUAGE_STANDARD = "gnu++14";
				CLANG_CXX_LIBRARY = "libc++";
				CLANG_ENABLE_MODULES = YES;
				CLANG_ENABLE_OBJC_ARC = YES;
				CLANG_ENABLE_OBJC_WEAK = YES;
				CLANG_WARN_BLOCK_CAPTURE_AUTORELEASING = YES;
				CLANG_WARN_BOOL_CONVERSION = YES;
				CLANG_WARN_COMMA = YES;
				CLANG_WARN_CONSTANT_CONVERSION = YES;
				CLANG_WARN_DEPRECATED_OBJC_IMPLEMENTATIONS = YES;
				CLANG_WARN_DIRECT_OBJC_ISA_USAGE = YES_ERROR;
				CLANG_WARN_DOCUMENTATION_COMMENTS = YES;
				CLANG_WARN_EMPTY_BODY = YES;
				CLANG_WARN_ENUM_CONVERSION = YES;
				CLANG_WARN_INFINITE_RECURSION = YES;
				CLANG_WARN_INT_CONVERSION = YES;
				CLANG_WARN_NON_LITERAL_NULL_CONVERSION = YES;
				CLANG_WARN_OBJC_IMPLICIT_RETAIN_SELF = YES;
				CLANG_WARN_OBJC_LITERAL_CONVERSION = YES;
				CLANG_WARN_OBJC_ROOT_CLASS = YES_ERROR;
				CLANG_WARN_RANGE_LOOP_ANALYSIS = YES;
				CLANG_WARN_STRICT_PROTOTYPES = YES;
				CLANG_WARN_SUSPICIOUS_MOVE = YES;
				CLANG_WARN_UNGUARDED_AVAILABILITY = YES_AGGRESSIVE;
				CLANG_WARN_UNREACHABLE_CODE = YES;
				CLANG_WARN__DUPLICATE_METHOD_MATCH = YES;
				COPY_PHASE_STRIP = NO;
				DEBUG_INFORMATION_FORMAT = "dwarf-with-dsym";
				ENABLE_NS_ASSERTIONS = NO;
				ENABLE_STRICT_OBJC_MSGSEND = YES;
				GCC_C_LANGUAGE_STANDARD = gnu11;
				GCC_NO_COMMON_BLOCKS = YES;
				GCC_WARN_64_TO_32_BIT_CONVERSION = YES;
				GCC_WARN_ABOUT_RETURN_TYPE = YES_ERROR;
				GCC_WARN_UNDECLARED_SELECTOR = YES;
				GCC_WARN_UNINITIALIZED_AUTOS = YES_AGGRESSIVE;
				GCC_WARN_UNUSED_FUNCTION = YES;
				GCC_WARN_UNUSED_VARIABLE = YES;
				IPHONEOS_DEPLOYMENT_TARGET = 13.5;
				MTL_ENABLE_DEBUG_INFO = NO;
				MTL_FAST_MATH = YES;
				SDKROOT = iphoneos;
				SWIFT_COMPILATION_MODE = wholemodule;
				SWIFT_OPTIMIZATION_LEVEL = "-O";
				VALIDATE_PRODUCT = YES;
			};
			name = Release;
		};
		36B4240524BB6CBA004CB8E7 /* Debug */ = {
			isa = XCBuildConfiguration;
			buildSettings = {
				ASSETCATALOG_COMPILER_APPICON_NAME = AppIcon;
				CODE_SIGN_STYLE = Automatic;
				DEVELOPMENT_TEAM = 3CQSNJZ5Q2;
				INFOPLIST_FILE = P9_01_Xcode/Info.plist;
				IPHONEOS_DEPLOYMENT_TARGET = 11.0;
				LD_RUNPATH_SEARCH_PATHS = (
					"$(inherited)",
					"@executable_path/Frameworks",
				);
				PRODUCT_BUNDLE_IDENTIFIER = "fr.sebastienkothe.P9-01-Xcode";
				PRODUCT_NAME = "$(TARGET_NAME)";
				SWIFT_VERSION = 5.0;
				TARGETED_DEVICE_FAMILY = 1;
			};
			name = Debug;
		};
		36B4240624BB6CBA004CB8E7 /* Release */ = {
			isa = XCBuildConfiguration;
			buildSettings = {
				ASSETCATALOG_COMPILER_APPICON_NAME = AppIcon;
				CODE_SIGN_STYLE = Automatic;
				DEVELOPMENT_TEAM = 3CQSNJZ5Q2;
				INFOPLIST_FILE = P9_01_Xcode/Info.plist;
				IPHONEOS_DEPLOYMENT_TARGET = 11.0;
				LD_RUNPATH_SEARCH_PATHS = (
					"$(inherited)",
					"@executable_path/Frameworks",
				);
				PRODUCT_BUNDLE_IDENTIFIER = "fr.sebastienkothe.P9-01-Xcode";
				PRODUCT_NAME = "$(TARGET_NAME)";
				SWIFT_VERSION = 5.0;
				TARGETED_DEVICE_FAMILY = 1;
			};
			name = Release;
		};
		36B4240824BB6CBA004CB8E7 /* Debug */ = {
			isa = XCBuildConfiguration;
			buildSettings = {
				ALWAYS_EMBED_SWIFT_STANDARD_LIBRARIES = YES;
				BUNDLE_LOADER = "$(TEST_HOST)";
				CODE_SIGN_STYLE = Automatic;
				DEVELOPMENT_TEAM = 3CQSNJZ5Q2;
				INFOPLIST_FILE = P9_01_XcodeTests/Info.plist;
				IPHONEOS_DEPLOYMENT_TARGET = 13.5;
				LD_RUNPATH_SEARCH_PATHS = (
					"$(inherited)",
					"@executable_path/Frameworks",
					"@loader_path/Frameworks",
				);
				PRODUCT_BUNDLE_IDENTIFIER = "fr.sebastienkothe.P9-01-XcodeTests";
				PRODUCT_NAME = "$(TARGET_NAME)";
				SWIFT_VERSION = 5.0;
				TARGETED_DEVICE_FAMILY = "1,2";
				TEST_HOST = "$(BUILT_PRODUCTS_DIR)/P9_01_Xcode.app/P9_01_Xcode";
			};
			name = Debug;
		};
		36B4240924BB6CBA004CB8E7 /* Release */ = {
			isa = XCBuildConfiguration;
			buildSettings = {
				ALWAYS_EMBED_SWIFT_STANDARD_LIBRARIES = YES;
				BUNDLE_LOADER = "$(TEST_HOST)";
				CODE_SIGN_STYLE = Automatic;
				DEVELOPMENT_TEAM = 3CQSNJZ5Q2;
				INFOPLIST_FILE = P9_01_XcodeTests/Info.plist;
				IPHONEOS_DEPLOYMENT_TARGET = 13.5;
				LD_RUNPATH_SEARCH_PATHS = (
					"$(inherited)",
					"@executable_path/Frameworks",
					"@loader_path/Frameworks",
				);
				PRODUCT_BUNDLE_IDENTIFIER = "fr.sebastienkothe.P9-01-XcodeTests";
				PRODUCT_NAME = "$(TARGET_NAME)";
				SWIFT_VERSION = 5.0;
				TARGETED_DEVICE_FAMILY = "1,2";
				TEST_HOST = "$(BUILT_PRODUCTS_DIR)/P9_01_Xcode.app/P9_01_Xcode";
			};
			name = Release;
		};
/* End XCBuildConfiguration section */

/* Begin XCConfigurationList section */
		36B423E024BB6CB5004CB8E7 /* Build configuration list for PBXProject "P9_01_Xcode" */ = {
			isa = XCConfigurationList;
			buildConfigurations = (
				36B4240224BB6CBA004CB8E7 /* Debug */,
				36B4240324BB6CBA004CB8E7 /* Release */,
			);
			defaultConfigurationIsVisible = 0;
			defaultConfigurationName = Release;
		};
		36B4240424BB6CBA004CB8E7 /* Build configuration list for PBXNativeTarget "P9_01_Xcode" */ = {
			isa = XCConfigurationList;
			buildConfigurations = (
				36B4240524BB6CBA004CB8E7 /* Debug */,
				36B4240624BB6CBA004CB8E7 /* Release */,
			);
			defaultConfigurationIsVisible = 0;
			defaultConfigurationName = Release;
		};
		36B4240724BB6CBA004CB8E7 /* Build configuration list for PBXNativeTarget "P9_01_XcodeTests" */ = {
			isa = XCConfigurationList;
			buildConfigurations = (
				36B4240824BB6CBA004CB8E7 /* Debug */,
				36B4240924BB6CBA004CB8E7 /* Release */,
			);
			defaultConfigurationIsVisible = 0;
			defaultConfigurationName = Release;
		};
/* End XCConfigurationList section */
	};
	rootObject = 36B423DD24BB6CB5004CB8E7 /* Project object */;
}
